
Microsoft Visual Studio Solution File, Format Version 12.00
# Visual Studio Version 17
VisualStudioVersion = 17.14.36414.22 d17.14
MinimumVisualStudioVersion = 10.0.40219.1
Project("{FAE04EC0-301F-11D3-BF4B-00C04F79EFBC}") = "Nearest Thousand", "Nearest Thousand.csproj", "{722C68A6-5C9D-4858-B06A-CDA19466D1DF}"
EndProject
Global
	GlobalSection(SolutionConfigurationPlatforms) = preSolution
		Debug|Any CPU = Debug|Any CPU
		Release|Any CPU = Release|Any CPU
	EndGlobalSection
	GlobalSection(ProjectConfigurationPlatforms) = postSolution
		{722C68A6-5C9D-4858-B06A-CDA19466D1DF}.Debug|Any CPU.ActiveCfg = Debug|Any CPU
		{722C68A6-5C9D-4858-B06A-CDA19466D1DF}.Debug|Any CPU.Build.0 = Debug|Any CPU
		{722C68A6-5C9D-4858-B06A-CDA19466D1DF}.Release|Any CPU.ActiveCfg = Release|Any CPU
		{722C68A6-5C9D-4858-B06A-CDA19466D1DF}.Release|Any CPU.Build.0 = Release|Any CPU
	EndGlobalSection
	GlobalSection(SolutionProperties) = preSolution
		HideSolutionNode = FALSE
	EndGlobalSection
	GlobalSection(ExtensibilityGlobals) = postSolution
		SolutionGuid = {4BA50F02-951A-42A0-8C03-31EDE992DAC3}
	EndGlobalSection
EndGlobal
