
Microsoft Visual Studio Solution File, Format Version 12.00
# Visual Studio Version 17
VisualStudioVersion = 17.14.36414.22 d17.14
MinimumVisualStudioVersion = 10.0.40219.1
Project("{FAE04EC0-301F-11D3-BF4B-00C04F79EFBC}") = "Feet to Centimeters", "Feet to Centimeters.csproj", "{BFEC3895-7C3E-4FC4-8537-F7A289B837EA}"
EndProject
Global
	GlobalSection(SolutionConfigurationPlatforms) = preSolution
		Debug|Any CPU = Debug|Any CPU
		Release|Any CPU = Release|Any CPU
	EndGlobalSection
	GlobalSection(ProjectConfigurationPlatforms) = postSolution
		{BFEC3895-7C3E-4FC4-8537-F7A289B837EA}.Debug|Any CPU.ActiveCfg = Debug|Any CPU
		{BFEC3895-7C3E-4FC4-8537-F7A289B837EA}.Debug|Any CPU.Build.0 = Debug|Any CPU
		{BFEC3895-7C3E-4FC4-8537-F7A289B837EA}.Release|Any CPU.ActiveCfg = Release|Any CPU
		{BFEC3895-7C3E-4FC4-8537-F7A289B837EA}.Release|Any CPU.Build.0 = Release|Any CPU
	EndGlobalSection
	GlobalSection(SolutionProperties) = preSolution
		HideSolutionNode = FALSE
	EndGlobalSection
	GlobalSection(ExtensibilityGlobals) = postSolution
		SolutionGuid = {A9925E7F-2E49-4038-AE84-5AB120D0E8B1}
	EndGlobalSection
EndGlobal
